
Microsoft Visual Studio Solution File, Format Version 12.00
# Visual Studio Version 17
VisualStudioVersion = 17.5.002.0
MinimumVisualStudioVersion = 10.0.40219.1
Project("{9A19103F-16F7-4668-BE54-9A1E7A4F7556}") = "MathCode", "MathCode.csproj", "{14A3CD4B-6161-40A3-BB56-85A698C54A47}"
EndProject
Global
	GlobalSection(SolutionConfigurationPlatforms) = preSolution
		Debug|Any CPU = Debug|Any CPU
		Release|Any CPU = Release|Any CPU
	EndGlobalSection
	GlobalSection(ProjectConfigurationPlatforms) = postSolution
		{14A3CD4B-6161-40A3-BB56-85A698C54A47}.Debug|Any CPU.ActiveCfg = Debug|Any CPU
		{14A3CD4B-6161-40A3-BB56-85A698C54A47}.Debug|Any CPU.Build.0 = Debug|Any CPU
		{14A3CD4B-6161-40A3-BB56-85A698C54A47}.Release|Any CPU.ActiveCfg = Release|Any CPU
		{14A3CD4B-6161-40A3-BB56-85A698C54A47}.Release|Any CPU.Build.0 = Release|Any CPU
	EndGlobalSection
	GlobalSection(SolutionProperties) = preSolution
		HideSolutionNode = FALSE
	EndGlobalSection
	GlobalSection(ExtensibilityGlobals) = postSolution
		SolutionGuid = {314EFBD1-2E51-4B47-849F-A081C4089E09}
	EndGlobalSection
EndGlobal
